
Microsoft Visual Studio Solution File, Format Version 9.00
# Visual Studio 2005
Project("{FAE04EC0-301F-11D3-BF4B-00C04F79EFBC}") = "BoP.Core", "BoP.Core.csproj", "{8CF24AF8-714C-4029-8E0E-3BA26C27FA7C}"
EndProject
Project("{FAE04EC0-301F-11D3-BF4B-00C04F79EFBC}") = "BoP.Util", "..\BoP.Util\BoP.Util.csproj", "{31601202-172E-484B-AA39-DF25800DC417}"
EndProject
Project("{FAE04EC0-301F-11D3-BF4B-00C04F79EFBC}") = "BoP.Workers", "..\BoP.Workers\BoP.Workers.csproj", "{C2C6532F-11E1-4664-91E4-0EC5B02946B1}"
EndProject
Global
	GlobalSection(SolutionConfigurationPlatforms) = preSolution
		Debug|Any CPU = Debug|Any CPU
		Release|Any CPU = Release|Any CPU
	EndGlobalSection
	GlobalSection(ProjectConfigurationPlatforms) = postSolution
		{8CF24AF8-714C-4029-8E0E-3BA26C27FA7C}.Debug|Any CPU.ActiveCfg = Debug|Any CPU
		{8CF24AF8-714C-4029-8E0E-3BA26C27FA7C}.Debug|Any CPU.Build.0 = Debug|Any CPU
		{8CF24AF8-714C-4029-8E0E-3BA26C27FA7C}.Release|Any CPU.ActiveCfg = Release|Any CPU
		{8CF24AF8-714C-4029-8E0E-3BA26C27FA7C}.Release|Any CPU.Build.0 = Release|Any CPU
		{31601202-172E-484B-AA39-DF25800DC417}.Debug|Any CPU.ActiveCfg = Debug|Any CPU
		{31601202-172E-484B-AA39-DF25800DC417}.Debug|Any CPU.Build.0 = Debug|Any CPU
		{31601202-172E-484B-AA39-DF25800DC417}.Release|Any CPU.ActiveCfg = Release|Any CPU
		{31601202-172E-484B-AA39-DF25800DC417}.Release|Any CPU.Build.0 = Release|Any CPU
		{C2C6532F-11E1-4664-91E4-0EC5B02946B1}.Debug|Any CPU.ActiveCfg = Debug|Any CPU
		{C2C6532F-11E1-4664-91E4-0EC5B02946B1}.Debug|Any CPU.Build.0 = Debug|Any CPU
		{C2C6532F-11E1-4664-91E4-0EC5B02946B1}.Release|Any CPU.ActiveCfg = Release|Any CPU
		{C2C6532F-11E1-4664-91E4-0EC5B02946B1}.Release|Any CPU.Build.0 = Release|Any CPU
	EndGlobalSection
	GlobalSection(SolutionProperties) = preSolution
		HideSolutionNode = FALSE
	EndGlobalSection
EndGlobal
